dependencies:
- name: redis
  repository: oci://registry-1.docker.io/bitnamicharts
  version: 20.13.4
- name: postgresql
  repository: oci://registry-1.docker.io/bitnamicharts
  version: 15.5.38
digest: sha256:436e6459cf6903c886819a0efc6fa19556847b44139afac302f521b8af1736a9
generated: "2025-10-04T20:28:13.511335+03:00"
